
Microsoft Visual Studio Solution File, Format Version 12.00
# Visual Studio Version 17
VisualStudioVersion = 17.3.32929.385
MinimumVisualStudioVersion = 10.0.40219.1
Project("{FAE04EC0-301F-11D3-BF4B-00C04F79EFBC}") = "TheSwitchFoodBar", "TheSwitchFoodBar\TheSwitchFoodBar.csproj", "{8622B5C6-E17E-4E8E-8F75-A1C73A80B282}"
EndProject
Global
	GlobalSection(SolutionConfigurationPlatforms) = preSolution
		Debug|Any CPU = Debug|Any CPU
		Release|Any CPU = Release|Any CPU
	EndGlobalSection
	GlobalSection(ProjectConfigurationPlatforms) = postSolution
		{8622B5C6-E17E-4E8E-8F75-A1C73A80B282}.Debug|Any CPU.ActiveCfg = Debug|Any CPU
		{8622B5C6-E17E-4E8E-8F75-A1C73A80B282}.Debug|Any CPU.Build.0 = Debug|Any CPU
		{8622B5C6-E17E-4E8E-8F75-A1C73A80B282}.Release|Any CPU.ActiveCfg = Release|Any CPU
		{8622B5C6-E17E-4E8E-8F75-A1C73A80B282}.Release|Any CPU.Build.0 = Release|Any CPU
	EndGlobalSection
	GlobalSection(SolutionProperties) = preSolution
		HideSolutionNode = FALSE
	EndGlobalSection
	GlobalSection(ExtensibilityGlobals) = postSolution
		SolutionGuid = {A4DF22D6-E034-4A5F-BEEB-22BF8FEBCF6A}
	EndGlobalSection
EndGlobal
